
Microsoft Visual Studio Solution File, Format Version 12.00
# Visual Studio 15
VisualStudioVersion = 15.0.28307.1401
MinimumVisualStudioVersion = 10.0.40219.1
Project("{FAE04EC0-301F-11D3-BF4B-00C04F79EFBC}") = "CA2", "CA2\CA2.csproj", "{46C6DB46-A33D-4613-9873-B97000C5438C}"
EndProject
Global
	GlobalSection(SolutionConfigurationPlatforms) = preSolution
		Debug|Any CPU = Debug|Any CPU
		Release|Any CPU = Release|Any CPU
	EndGlobalSection
	GlobalSection(ProjectConfigurationPlatforms) = postSolution
		{46C6DB46-A33D-4613-9873-B97000C5438C}.Debug|Any CPU.ActiveCfg = Debug|Any CPU
		{46C6DB46-A33D-4613-9873-B97000C5438C}.Debug|Any CPU.Build.0 = Debug|Any CPU
		{46C6DB46-A33D-4613-9873-B97000C5438C}.Release|Any CPU.ActiveCfg = Release|Any CPU
		{46C6DB46-A33D-4613-9873-B97000C5438C}.Release|Any CPU.Build.0 = Release|Any CPU
	EndGlobalSection
	GlobalSection(SolutionProperties) = preSolution
		HideSolutionNode = FALSE
	EndGlobalSection
	GlobalSection(ExtensibilityGlobals) = postSolution
		SolutionGuid = {3C8423C6-03F9-40FA-90C9-013C2236F5C4}
	EndGlobalSection
EndGlobal
